
Microsoft Visual Studio Solution File, Format Version 12.00
# Visual Studio Version 16
VisualStudioVersion = 16.0.29519.87
MinimumVisualStudioVersion = 10.0.40219.1
Project("{F184B08F-C81C-45F6-A57F-5ABD9991F28F}") = "TechAssist", "TechAssist\TechAssist.vbproj", "{8FAF24D8-DB34-4AD1-98B4-B99D50DF4B01}"
EndProject
Global
	GlobalSection(SolutionConfigurationPlatforms) = preSolution
		Debug|Any CPU = Debug|Any CPU
		Release|Any CPU = Release|Any CPU
	EndGlobalSection
	GlobalSection(ProjectConfigurationPlatforms) = postSolution
		{8FAF24D8-DB34-4AD1-98B4-B99D50DF4B01}.Debug|Any CPU.ActiveCfg = Debug|Any CPU
		{8FAF24D8-DB34-4AD1-98B4-B99D50DF4B01}.Debug|Any CPU.Build.0 = Debug|Any CPU
		{8FAF24D8-DB34-4AD1-98B4-B99D50DF4B01}.Release|Any CPU.ActiveCfg = Release|Any CPU
		{8FAF24D8-DB34-4AD1-98B4-B99D50DF4B01}.Release|Any CPU.Build.0 = Release|Any CPU
	EndGlobalSection
	GlobalSection(SolutionProperties) = preSolution
		HideSolutionNode = FALSE
	EndGlobalSection
	GlobalSection(ExtensibilityGlobals) = postSolution
		SolutionGuid = {9F64A406-2000-4D7C-8E14-F9E1BFF3F0B2}
	EndGlobalSection
EndGlobal
